
Microsoft Visual Studio Solution File, Format Version 12.00
# Visual Studio Version 16
VisualStudioVersion = 16.0.32510.428
MinimumVisualStudioVersion = 10.0.40219.1
Project("{FAE04EC0-301F-11D3-BF4B-00C04F79EFBC}") = "Osiris-I18n", "Osiris-I18n.csproj", "{3BC6B5A0-07DB-462C-B146-1E50AD428611}"
EndProject
Global
	GlobalSection(SolutionConfigurationPlatforms) = preSolution
		Debug|Any CPU = Debug|Any CPU
		Release|Any CPU = Release|Any CPU
	EndGlobalSection
	GlobalSection(ProjectConfigurationPlatforms) = postSolution
		{3BC6B5A0-07DB-462C-B146-1E50AD428611}.Debug|Any CPU.ActiveCfg = Debug|Any CPU
		{3BC6B5A0-07DB-462C-B146-1E50AD428611}.Debug|Any CPU.Build.0 = Debug|Any CPU
		{3BC6B5A0-07DB-462C-B146-1E50AD428611}.Release|Any CPU.ActiveCfg = Release|Any CPU
		{3BC6B5A0-07DB-462C-B146-1E50AD428611}.Release|Any CPU.Build.0 = Release|Any CPU
	EndGlobalSection
	GlobalSection(SolutionProperties) = preSolution
		HideSolutionNode = FALSE
	EndGlobalSection
	GlobalSection(ExtensibilityGlobals) = postSolution
		SolutionGuid = {B0B5D250-3E03-4BAD-8A00-FEBF5A2C00A8}
	EndGlobalSection
EndGlobal
